// !$*UTF8*$!
{
	archiveVersion = 1;
	classes = {
	};
	objectVersion = 48;
	objects = {

/* Begin PBXBuildFile section */
		596521AF204E26D5001F90FA /* threads.cpp in Sources */ = {isa = PBXBuildFile; fileRef = 596521AE204E26D5001F90FA /* threads.cpp */; };
		59D9F0081FFDFBEE006DBCB2 /* game.cpp in Sources */ = {isa = PBXBuildFile; fileRef = 59D9EFFD1FFDFBED006DBCB2 /* game.cpp */; };
		59D9F0091FFDFBEE006DBCB2 /* position.cpp in Sources */ = {isa = PBXBuildFile; fileRef = 59D9EFFE1FFDFBED006DBCB2 /* position.cpp */; };
		59D9F00A1FFDFBEE006DBCB2 /* evaluate.cpp in Sources */ = {isa = PBXBuildFile; fileRef = 59D9EFFF1FFDFBED006DBCB2 /* evaluate.cpp */; };
		59D9F00B1FFDFBEE006DBCB2 /* search.cpp in Sources */ = {isa = PBXBuildFile; fileRef = 59D9F0001FFDFBED006DBCB2 /* search.cpp */; };
		59D9F00C1FFDFBEE006DBCB2 /* ptable.cpp in Sources */ = {isa = PBXBuildFile; fileRef = 59D9F0021FFDFBED006DBCB2 /* ptable.cpp */; };
		59D9F00D1FFDFBEE006DBCB2 /* main.cpp in Sources */ = {isa = PBXBuildFile; fileRef = 59D9F0031FFDFBED006DBCB2 /* main.cpp */; };
/* End PBXBuildFile section */

/* Begin PBXCopyFilesBuildPhase section */
		59D9EFF01FFDFB5E006DBCB2 /* CopyFiles */ = {
			isa = PBXCopyFilesBuildPhase;
			buildActionMask = 2147483647;
			dstPath = /usr/share/man/man1/;
			dstSubfolderSpec = 0;
			files = (
			);
			runOnlyForDeploymentPostprocessing = 1;
		};
/* End PBXCopyFilesBuildPhase section */

/* Begin PBXFileReference section */
		596521AC204DF3BE001F90FA /* graveyard.txt */ = {isa = PBXFileReference; lastKnownFileType = text; name = graveyard.txt; path = "king-rule-cpp/graveyard.txt"; sourceTree = "<group>"; };
		596521AD204E26C0001F90FA /* threads.hpp */ = {isa = PBXFileReference; lastKnownFileType = sourcecode.cpp.h; name = threads.hpp; path = "king-rule-cpp/threads.hpp"; sourceTree = "<group>"; };
		596521AE204E26D5001F90FA /* threads.cpp */ = {isa = PBXFileReference; lastKnownFileType = sourcecode.cpp.cpp; name = threads.cpp; path = "king-rule-cpp/threads.cpp"; sourceTree = "<group>"; };
		59D9EFF21FFDFB5E006DBCB2 /* king-rule-cpp */ = {isa = PBXFileReference; explicitFileType = "compiled.mach-o.executable"; includeInIndex = 0; path = "king-rule-cpp"; sourceTree = BUILT_PRODUCTS_DIR; };
		59D9EFFC1FFDFBED006DBCB2 /* game.hpp */ = {isa = PBXFileReference; fileEncoding = 4; lastKnownFileType = sourcecode.cpp.h; name = game.hpp; path = "king-rule-cpp/game.hpp"; sourceTree = "<group>"; };
		59D9EFFD1FFDFBED006DBCB2 /* game.cpp */ = {isa = PBXFileReference; fileEncoding = 4; lastKnownFileType = sourcecode.cpp.cpp; name = game.cpp; path = "king-rule-cpp/game.cpp"; sourceTree = "<group>"; };
		59D9EFFE1FFDFBED006DBCB2 /* position.cpp */ = {isa = PBXFileReference; fileEncoding = 4; lastKnownFileType = sourcecode.cpp.cpp; name = position.cpp; path = "king-rule-cpp/position.cpp"; sourceTree = "<group>"; };
		59D9EFFF1FFDFBED006DBCB2 /* evaluate.cpp */ = {isa = PBXFileReference; fileEncoding = 4; lastKnownFileType = sourcecode.cpp.cpp; name = evaluate.cpp; path = "king-rule-cpp/evaluate.cpp"; sourceTree = "<group>"; };
		59D9F0001FFDFBED006DBCB2 /* search.cpp */ = {isa = PBXFileReference; fileEncoding = 4; lastKnownFileType = sourcecode.cpp.cpp; name = search.cpp; path = "king-rule-cpp/search.cpp"; sourceTree = "<group>"; };
		59D9F0011FFDFBED006DBCB2 /* position.hpp */ = {isa = PBXFileReference; fileEncoding = 4; lastKnownFileType = sourcecode.cpp.h; name = position.hpp; path = "king-rule-cpp/position.hpp"; sourceTree = "<group>"; };
		59D9F0021FFDFBED006DBCB2 /* ptable.cpp */ = {isa = PBXFileReference; fileEncoding = 4; lastKnownFileType = sourcecode.cpp.cpp; name = ptable.cpp; path = "king-rule-cpp/ptable.cpp"; sourceTree = "<group>"; };
		59D9F0031FFDFBED006DBCB2 /* main.cpp */ = {isa = PBXFileReference; fileEncoding = 4; lastKnownFileType = sourcecode.cpp.cpp; name = main.cpp; path = "king-rule-cpp/main.cpp"; sourceTree = "<group>"; };
		59D9F0041FFDFBED006DBCB2 /* evaluate.hpp */ = {isa = PBXFileReference; fileEncoding = 4; lastKnownFileType = sourcecode.cpp.h; name = evaluate.hpp; path = "king-rule-cpp/evaluate.hpp"; sourceTree = "<group>"; };
		59D9F0051FFDFBED006DBCB2 /* ptable.hpp */ = {isa = PBXFileReference; fileEncoding = 4; lastKnownFileType = sourcecode.cpp.h; name = ptable.hpp; path = "king-rule-cpp/ptable.hpp"; sourceTree = "<group>"; };
		59D9F0061FFDFBEE006DBCB2 /* types.hpp */ = {isa = PBXFileReference; fileEncoding = 4; lastKnownFileType = sourcecode.cpp.h; name = types.hpp; path = "king-rule-cpp/types.hpp"; sourceTree = "<group>"; };
		59D9F0071FFDFBEE006DBCB2 /* search.hpp */ = {isa = PBXFileReference; fileEncoding = 4; lastKnownFileType = sourcecode.cpp.h; name = search.hpp; path = "king-rule-cpp/search.hpp"; sourceTree = "<group>"; };
/* End PBXFileReference section */

/* Begin PBXFrameworksBuildPhase section */
		59D9EFEF1FFDFB5E006DBCB2 /* Frameworks */ = {
			isa = PBXFrameworksBuildPhase;
			buildActionMask = 2147483647;
			files = (
			);
			runOnlyForDeploymentPostprocessing = 0;
		};
/* End PBXFrameworksBuildPhase section */

/* Begin PBXGroup section */
		59D9EFE91FFDFB5E006DBCB2 = {
			isa = PBXGroup;
			children = (
				596521AC204DF3BE001F90FA /* graveyard.txt */,
				59D9EFFF1FFDFBED006DBCB2 /* evaluate.cpp */,
				59D9F0041FFDFBED006DBCB2 /* evaluate.hpp */,
				59D9EFFD1FFDFBED006DBCB2 /* game.cpp */,
				59D9EFFC1FFDFBED006DBCB2 /* game.hpp */,
				59D9F0031FFDFBED006DBCB2 /* main.cpp */,
				59D9EFFE1FFDFBED006DBCB2 /* position.cpp */,
				59D9F0011FFDFBED006DBCB2 /* position.hpp */,
				59D9F0021FFDFBED006DBCB2 /* ptable.cpp */,
				59D9F0051FFDFBED006DBCB2 /* ptable.hpp */,
				59D9F0001FFDFBED006DBCB2 /* search.cpp */,
				59D9F0071FFDFBEE006DBCB2 /* search.hpp */,
				596521AD204E26C0001F90FA /* threads.hpp */,
				596521AE204E26D5001F90FA /* threads.cpp */,
				59D9F0061FFDFBEE006DBCB2 /* types.hpp */,
				59D9EFF41FFDFB5E006DBCB2 /* king-rule-cpp */,
				59D9EFF31FFDFB5E006DBCB2 /* Products */,
			);
			sourceTree = "<group>";
		};
		59D9EFF31FFDFB5E006DBCB2 /* Products */ = {
			isa = PBXGroup;
			children = (
				59D9EFF21FFDFB5E006DBCB2 /* king-rule-cpp */,
			);
			name = Products;
			sourceTree = "<group>";
		};
		59D9EFF41FFDFB5E006DBCB2 /* king-rule-cpp */ = {
			isa = PBXGroup;
			children = (
			);
			path = "king-rule-cpp";
			sourceTree = "<group>";
		};
/* End PBXGroup section */

/* Begin PBXNativeTarget section */
		59D9EFF11FFDFB5E006DBCB2 /* king-rule-cpp */ = {
			isa = PBXNativeTarget;
			buildConfigurationList = 59D9EFF91FFDFB5E006DBCB2 /* Build configuration list for PBXNativeTarget "king-rule-cpp" */;
			buildPhases = (
				59D9EFEE1FFDFB5E006DBCB2 /* Sources */,
				59D9EFEF1FFDFB5E006DBCB2 /* Frameworks */,
				59D9EFF01FFDFB5E006DBCB2 /* CopyFiles */,
			);
			buildRules = (
			);
			dependencies = (
			);
			name = "king-rule-cpp";
			productName = "king-rule-cpp";
			productReference = 59D9EFF21FFDFB5E006DBCB2 /* king-rule-cpp */;
			productType = "com.apple.product-type.tool";
		};
/* End PBXNativeTarget section */

/* Begin PBXProject section */
		59D9EFEA1FFDFB5E006DBCB2 /* Project object */ = {
			isa = PBXProject;
			attributes = {
				LastUpgradeCheck = 0920;
				ORGANIZATIONNAME = "Brendan Gregory";
				TargetAttributes = {
					59D9EFF11FFDFB5E006DBCB2 = {
						CreatedOnToolsVersion = 9.2;
						ProvisioningStyle = Automatic;
					};
				};
			};
			buildConfigurationList = 59D9EFED1FFDFB5E006DBCB2 /* Build configuration list for PBXProject "king-rule-cpp" */;
			compatibilityVersion = "Xcode 8.0";
			developmentRegion = en;
			hasScannedForEncodings = 0;
			knownRegions = (
				en,
			);
			mainGroup = 59D9EFE91FFDFB5E006DBCB2;
			productRefGroup = 59D9EFF31FFDFB5E006DBCB2 /* Products */;
			projectDirPath = "";
			projectRoot = "";
			targets = (
				59D9EFF11FFDFB5E006DBCB2 /* king-rule-cpp */,
			);
		};
/* End PBXProject section */

/* Begin PBXSourcesBuildPhase section */
		59D9EFEE1FFDFB5E006DBCB2 /* Sources */ = {
			isa = PBXSourcesBuildPhase;
			buildActionMask = 2147483647;
			files = (
				59D9F00C1FFDFBEE006DBCB2 /* ptable.cpp in Sources */,
				59D9F00A1FFDFBEE006DBCB2 /* evaluate.cpp in Sources */,
				59D9F00D1FFDFBEE006DBCB2 /* main.cpp in Sources */,
				59D9F00B1FFDFBEE006DBCB2 /* search.cpp in Sources */,
				596521AF204E26D5001F90FA /* threads.cpp in Sources */,
				59D9F0091FFDFBEE006DBCB2 /* position.cpp in Sources */,
				59D9F0081FFDFBEE006DBCB2 /* game.cpp in Sources */,
			);
			runOnlyForDeploymentPostprocessing = 0;
		};
/* End PBXSourcesBuildPhase section */

/* Begin XCBuildConfiguration section */
		59D9EFF71FFDFB5E006DBCB2 /* Debug */ = {
			isa = XCBuildConfiguration;
			buildSettings = {
				ALWAYS_SEARCH_USER_PATHS = NO;
				CLANG_ANALYZER_NONNULL = YES;
				CLANG_ANALYZER_NUMBER_OBJECT_CONVERSION = YES_AGGRESSIVE;
				CLANG_CXX_LANGUAGE_STANDARD = "gnu++14";
				CLANG_CXX_LIBRARY = "libc++";
				CLANG_ENABLE_MODULES = YES;
				CLANG_ENABLE_OBJC_ARC = YES;
				CLANG_WARN_BLOCK_CAPTURE_AUTORELEASING = YES;
				CLANG_WARN_BOOL_CONVERSION = YES;
				CLANG_WARN_COMMA = YES;
				CLANG_WARN_CONSTANT_CONVERSION = YES;
				CLANG_WARN_DIRECT_OBJC_ISA_USAGE = YES_ERROR;
				CLANG_WARN_DOCUMENTATION_COMMENTS = YES;
				CLANG_WARN_EMPTY_BODY = YES;
				CLANG_WARN_ENUM_CONVERSION = YES;
				CLANG_WARN_INFINITE_RECURSION = YES;
				CLANG_WARN_INT_CONVERSION = YES;
				CLANG_WARN_NON_LITERAL_NULL_CONVERSION = YES;
				CLANG_WARN_OBJC_LITERAL_CONVERSION = YES;
				CLANG_WARN_OBJC_ROOT_CLASS = YES_ERROR;
				CLANG_WARN_RANGE_LOOP_ANALYSIS = YES;
				CLANG_WARN_STRICT_PROTOTYPES = YES;
				CLANG_WARN_SUSPICIOUS_MOVE = YES;
				CLANG_WARN_UNGUARDED_AVAILABILITY = YES_AGGRESSIVE;
				CLANG_WARN_UNREACHABLE_CODE = YES;
				CLANG_WARN__DUPLICATE_METHOD_MATCH = YES;
				CODE_SIGN_IDENTITY = "-";
				COPY_PHASE_STRIP = NO;
				DEBUG_INFORMATION_FORMAT = dwarf;
				ENABLE_STRICT_OBJC_MSGSEND = YES;
				ENABLE_TESTABILITY = YES;
				GCC_C_LANGUAGE_STANDARD = gnu11;
				GCC_DYNAMIC_NO_PIC = NO;
				GCC_NO_COMMON_BLOCKS = YES;
				GCC_OPTIMIZATION_LEVEL = 0;
				GCC_PREPROCESSOR_DEFINITIONS = (
					"DEBUG=1",
					"$(inherited)",
				);
				GCC_WARN_64_TO_32_BIT_CONVERSION = YES;
				GCC_WARN_ABOUT_RETURN_TYPE = YES_ERROR;
				GCC_WARN_UNDECLARED_SELECTOR = YES;
				GCC_WARN_UNINITIALIZED_AUTOS = YES_AGGRESSIVE;
				GCC_WARN_UNUSED_FUNCTION = YES;
				GCC_WARN_UNUSED_VARIABLE = YES;
				MACOSX_DEPLOYMENT_TARGET = 10.12;
				MTL_ENABLE_DEBUG_INFO = YES;
				ONLY_ACTIVE_ARCH = YES;
				SDKROOT = macosx;
			};
			name = Debug;
		};
		59D9EFF81FFDFB5E006DBCB2 /* Release */ = {
			isa = XCBuildConfiguration;
			buildSettings = {
				ALWAYS_SEARCH_USER_PATHS = NO;
				CLANG_ANALYZER_NONNULL = YES;
				CLANG_ANALYZER_NUMBER_OBJECT_CONVERSION = YES_AGGRESSIVE;
				CLANG_CXX_LANGUAGE_STANDARD = "gnu++14";
				CLANG_CXX_LIBRARY = "libc++";
				CLANG_ENABLE_MODULES = YES;
				CLANG_ENABLE_OBJC_ARC = YES;
				CLANG_WARN_BLOCK_CAPTURE_AUTORELEASING = YES;
				CLANG_WARN_BOOL_CONVERSION = YES;
				CLANG_WARN_COMMA = YES;
				CLANG_WARN_CONSTANT_CONVERSION = YES;
				CLANG_WARN_DIRECT_OBJC_ISA_USAGE = YES_ERROR;
				CLANG_WARN_DOCUMENTATION_COMMENTS = YES;
				CLANG_WARN_EMPTY_BODY = YES;
				CLANG_WARN_ENUM_CONVERSION = YES;
				CLANG_WARN_INFINITE_RECURSION = YES;
				CLANG_WARN_INT_CONVERSION = YES;
				CLANG_WARN_NON_LITERAL_NULL_CONVERSION = YES;
				CLANG_WARN_OBJC_LITERAL_CONVERSION = YES;
				CLANG_WARN_OBJC_ROOT_CLASS = YES_ERROR;
				CLANG_WARN_RANGE_LOOP_ANALYSIS = YES;
				CLANG_WARN_STRICT_PROTOTYPES = YES;
				CLANG_WARN_SUSPICIOUS_MOVE = YES;
				CLANG_WARN_UNGUARDED_AVAILABILITY = YES_AGGRESSIVE;
				CLANG_WARN_UNREACHABLE_CODE = YES;
				CLANG_WARN__DUPLICATE_METHOD_MATCH = YES;
				CODE_SIGN_IDENTITY = "-";
				COPY_PHASE_STRIP = NO;
				DEBUG_INFORMATION_FORMAT = "dwarf-with-dsym";
				ENABLE_NS_ASSERTIONS = NO;
				ENABLE_STRICT_OBJC_MSGSEND = YES;
				GCC_C_LANGUAGE_STANDARD = gnu11;
				GCC_NO_COMMON_BLOCKS = YES;
				GCC_WARN_64_TO_32_BIT_CONVERSION = YES;
				GCC_WARN_ABOUT_RETURN_TYPE = YES_ERROR;
				GCC_WARN_UNDECLARED_SELECTOR = YES;
				GCC_WARN_UNINITIALIZED_AUTOS = YES_AGGRESSIVE;
				GCC_WARN_UNUSED_FUNCTION = YES;
				GCC_WARN_UNUSED_VARIABLE = YES;
				MACOSX_DEPLOYMENT_TARGET = 10.12;
				MTL_ENABLE_DEBUG_INFO = NO;
				SDKROOT = macosx;
			};
			name = Release;
		};
		59D9EFFA1FFDFB5E006DBCB2 /* Debug */ = {
			isa = XCBuildConfiguration;
			buildSettings = {
				BUILD_VARIANTS = normal;
				CLANG_CXX_LANGUAGE_STANDARD = "gnu++0x";
				CLANG_CXX_LIBRARY = "libc++";
				CODE_SIGN_STYLE = Automatic;
				DEVELOPMENT_TEAM = "";
				GCC_VERSION = "";
				PRODUCT_NAME = "$(TARGET_NAME)";
			};
			name = Debug;
		};
		59D9EFFB1FFDFB5E006DBCB2 /* Release */ = {
			isa = XCBuildConfiguration;
			buildSettings = {
				BUILD_VARIANTS = normal;
				CLANG_CXX_LANGUAGE_STANDARD = "gnu++0x";
				CLANG_CXX_LIBRARY = "libc++";
				CODE_SIGN_STYLE = Automatic;
				DEVELOPMENT_TEAM = "";
				PRODUCT_NAME = "$(TARGET_NAME)";
			};
			name = Release;
		};
/* End XCBuildConfiguration section */

/* Begin XCConfigurationList section */
		59D9EFED1FFDFB5E006DBCB2 /* Build configuration list for PBXProject "king-rule-cpp" */ = {
			isa = XCConfigurationList;
			buildConfigurations = (
				59D9EFF71FFDFB5E006DBCB2 /* Debug */,
				59D9EFF81FFDFB5E006DBCB2 /* Release */,
			);
			defaultConfigurationIsVisible = 0;
			defaultConfigurationName = Release;
		};
		59D9EFF91FFDFB5E006DBCB2 /* Build configuration list for PBXNativeTarget "king-rule-cpp" */ = {
			isa = XCConfigurationList;
			buildConfigurations = (
				59D9EFFA1FFDFB5E006DBCB2 /* Debug */,
				59D9EFFB1FFDFB5E006DBCB2 /* Release */,
			);
			defaultConfigurationIsVisible = 0;
			defaultConfigurationName = Release;
		};
/* End XCConfigurationList section */
	};
	rootObject = 59D9EFEA1FFDFB5E006DBCB2 /* Project object */;
}
